# THIS IS AN AUTOGENERATED FILE. DO NOT EDIT THIS FILE DIRECTLY.
# yarn lockfile v1


"@babel/runtime@^7.17.2":
  version "7.22.6"
  resolved "https://registry.yarnpkg.com/@babel/runtime/-/runtime-7.22.6.tgz#57d64b9ae3cff1d67eb067ae117dac087f5bd438"
  integrity sha512-wDb5pWm4WDdF6LFUde3Jl8WzPA+3ZbxYqkC6xAXuD3irdEHN1k0NfTRrJD8ZD378SJ61miMLCqIOXYhd8x+AJQ==
  dependencies:
    regenerator-runtime "^0.13.11"

base64-arraybuffer@^1.0.2:
  version "1.0.2"
  resolved "https://registry.yarnpkg.com/base64-arraybuffer/-/base64-arraybuffer-1.0.2.tgz#1c37589a7c4b0746e34bd1feb951da2df01c1bdc"
  integrity sha512-I3yl4r9QB5ZRY3XuJVEPfc2XhZO6YweFPI+UovAzn+8/hb3oJ6lnysaFcjVpkCPfVWFUDvoZ8kmVDP7WyRtYtQ==

copy-text-to-clipboard@^3.0.1:
  version "3.2.0"
  resolved "https://registry.yarnpkg.com/copy-text-to-clipboard/-/copy-text-to-clipboard-3.2.0.tgz#0202b2d9bdae30a49a53f898626dcc3b49ad960b"
  integrity sha512-RnJFp1XR/LOBDckxTib5Qjr/PMfkatD0MUCQgdpqS8MdKiNUzBjAQBEN6oUy+jW7LI93BBG3DtMB2KOOKpGs2Q==

core-js@^3.11.0:
  version "3.31.1"
  resolved "https://registry.yarnpkg.com/core-js/-/core-js-3.31.1.tgz#f2b0eea9be9da0def2c5fece71064a7e5d687653"
  integrity sha512-2sKLtfq1eFST7l7v62zaqXacPc7uG8ZAya8ogijLhTtaKNcpzpB4TMoTw2Si+8GYKRwFPMMtUT0263QFWFfqyQ==

crypto-js@^3.1.6:
  version "3.3.0"
  resolved "https://registry.yarnpkg.com/crypto-js/-/crypto-js-3.3.0.tgz#846dd1cce2f68aacfa156c8578f926a609b7976b"
  integrity sha512-DIT51nX0dCfKltpRiXV+/TVZq+Qq2NgF4644+K7Ttnla7zEzqc+kjJyiB96BHNyUTBxyjzRcZYpUdZa+QAqi6Q==

css-line-break@^2.1.0:
  version "2.1.0"
  resolved "https://registry.yarnpkg.com/css-line-break/-/css-line-break-2.1.0.tgz#bfef660dfa6f5397ea54116bb3cb4873edbc4fa0"
  integrity sha512-FHcKFCZcAha3LwfVBhCQbW2nCNbkZXn7KVUJcsT5/P8YmfsVja0FMPJr0B903j/E69HUphKiV9iQArX8SDYA4w==
  dependencies:
    utrie "^1.0.2"

deepmerge@^4.2.2:
  version "4.3.1"
  resolved "https://registry.yarnpkg.com/deepmerge/-/deepmerge-4.3.1.tgz#44b5f2147cd3b00d4b56137685966f26fd25dd4a"
  integrity sha512-3sUqbMEc77XqpdNO7FRyRog+eW3ph+GYCbj+rK+uYyRMuwsVy0rMiVtPn+QJlKFvWP/1PYpapqYn0Me2knFn+A==

html2canvas@^1.4.1:
  version "1.4.1"
  resolved "https://registry.yarnpkg.com/html2canvas/-/html2canvas-1.4.1.tgz#7cef1888311b5011d507794a066041b14669a543"
  integrity sha512-fPU6BHNpsyIhr8yyMpTLLxAbkaK8ArIBcmZIRiBLiDhjeqvXolaEmDGmELFuX9I4xDcaKKcJl+TKZLqruBbmWA==
  dependencies:
    css-line-break "^2.1.0"
    text-segmentation "^1.0.3"

image-tools@^1.4.0:
  version "1.4.0"
  resolved "https://registry.yarnpkg.com/image-tools/-/image-tools-1.4.0.tgz#66aacbafad677af7f3fd7f32f8fa1e0881b83783"
  integrity sha512-TKtvJ6iUwM0mfaD4keMnk1ENHFC470QEjBfA3IlvKdEOufzvWbjbaoNcoyYq6HlViF8+d5tOS1ooE6j7CHf1lQ==

jweixin-module@^1.6.0:
  version "1.6.0"
  resolved "https://registry.yarnpkg.com/jweixin-module/-/jweixin-module-1.6.0.tgz#4a7ea614083e3c9c3f49e2fdc2bb882cfa58dfcd"
  integrity sha512-dGk9cf+ipipHmtzYmKZs5B2toX+p4hLyllGLF6xuC8t+B05oYxd8fYoaRz0T30U2n3RUv8a4iwvjhA+OcYz52w==

lz-string@^1.4.4:
  version "1.5.0"
  resolved "https://registry.yarnpkg.com/lz-string/-/lz-string-1.5.0.tgz#c1ab50f77887b712621201ba9fd4e3a6ed099941"
  integrity sha512-h5bgJWpxJNswbU7qCrV0tIKQCaS3blPDrqKWx+QxzuzL1zGUzij9XCWLrSLsJPu5t+eWA/ycetzYAO5IOMcWAQ==

mutation-observer@^1.0.3:
  version "1.0.3"
  resolved "https://registry.yarnpkg.com/mutation-observer/-/mutation-observer-1.0.3.tgz#42e9222b101bca82e5ba9d5a7acf4a14c0f263d0"
  integrity sha512-M/O/4rF2h776hV7qGMZUH3utZLO/jK7p8rnNgGkjKUw8zCGjRQPxB8z6+5l8+VjRUQ3dNYu4vjqXYLr+U8ZVNA==

regenerator-runtime@^0.13.11:
  version "0.13.11"
  resolved "https://registry.yarnpkg.com/regenerator-runtime/-/regenerator-runtime-0.13.11.tgz#f6dca3e7ceec20590d07ada785636a90cdca17f9"
  integrity sha512-kY1AZVr2Ra+t+piVaJ4gxaFaReZVH40AKNo7UCX6W+dEwBo/2oZJzqfuN1qLq1oL45o56cPaTXELwrTh8Fpggg==

secure-ls@^1.2.6:
  version "1.2.6"
  resolved "https://registry.yarnpkg.com/secure-ls/-/secure-ls-1.2.6.tgz#0c54a4c7fa8317c3c101accbf6bb38d8d2072e46"
  integrity sha512-g8vUSKl6elSfyAUHodybnNkuZW+mUYEOWj4SZIDg+xoQ1dq5ddktBoOFrtxQBUl88ZyAJOtGWQ1PRaOxkTAuZQ==
  dependencies:
    crypto-js "^3.1.6"
    lz-string "^1.4.4"

shvl@^2.0.3:
  version "2.0.3"
  resolved "https://registry.yarnpkg.com/shvl/-/shvl-2.0.3.tgz#eb4bd37644f5684bba1fc52c3010c96fb5e6afd1"
  integrity sha512-V7C6S9Hlol6SzOJPnQ7qzOVEWUQImt3BNmmzh40wObhla3XOYMe4gGiYzLrJd5TFa+cI2f9LKIRJTTKZSTbWgw==

text-segmentation@^1.0.3:
  version "1.0.3"
  resolved "https://registry.yarnpkg.com/text-segmentation/-/text-segmentation-1.0.3.tgz#52a388159efffe746b24a63ba311b6ac9f2d7943"
  integrity sha512-iOiPUo/BGnZ6+54OsWxZidGCsdU8YbE4PSpdPinp7DeMtUJNJBoJ/ouUSTJjHkh1KntHaltHl/gDs2FC4i5+Nw==
  dependencies:
    utrie "^1.0.2"

utrie@^1.0.2:
  version "1.0.2"
  resolved "https://registry.yarnpkg.com/utrie/-/utrie-1.0.2.tgz#d42fe44de9bc0119c25de7f564a6ed1b2c87a645"
  integrity sha512-1MLa5ouZiOmQzUbjbu9VmjLzn1QLXBhwpUa7kdLUQK+KQ5KA9I1vk5U4YHe/X2Ch7PYnJfWuWT+VbuxbGwljhw==
  dependencies:
    base64-arraybuffer "^1.0.2"

vconsole@^3.15.1:
  version "3.15.1"
  resolved "https://registry.yarnpkg.com/vconsole/-/vconsole-3.15.1.tgz#569a8ab15f353259527bbcf004f02946b4482cff"
  integrity sha512-KH8XLdrq9T5YHJO/ixrjivHfmF2PC2CdVoK6RWZB4yftMykYIaXY1mxZYAic70vADM54kpMQF+dYmvl5NRNy1g==
  dependencies:
    "@babel/runtime" "^7.17.2"
    copy-text-to-clipboard "^3.0.1"
    core-js "^3.11.0"
    mutation-observer "^1.0.3"

vuex-persistedstate@^4.1.0:
  version "4.1.0"
  resolved "https://registry.yarnpkg.com/vuex-persistedstate/-/vuex-persistedstate-4.1.0.tgz#127165f85f5b4534fb3170a5d3a8be9811bd2a53"
  integrity sha512-3SkEj4NqwM69ikJdFVw6gObeB0NHyspRYMYkR/EbhR0hbvAKyR5gksVhtAfY1UYuWUOCCA0QNGwv9pOwdj+XUQ==
  dependencies:
    deepmerge "^4.2.2"
    shvl "^2.0.3"

wxml2canvas@^1.0.1:
  version "1.0.1"
  resolved "https://registry.yarnpkg.com/wxml2canvas/-/wxml2canvas-1.0.1.tgz#548aa697593944ec2d0f3f17774b06332ec8e8d8"
  integrity sha512-AdWvxgTjJtW/m6Cki1cwGO0HOERKU8O9V3RcCz8UyqJbrPF7e8Nv27/epYiIs64HlbPTKWTLl7ECjQi6UVducA==
